
Microsoft Visual Studio Solution File, Format Version 12.00
# Visual Studio Version 17
VisualStudioVersion = 17.3.32819.101
MinimumVisualStudioVersion = 10.0.40219.1
Project("{9A19103F-16F7-4668-BE54-9A1E7A4F7556}") = "ReadonlyLocalVariables.Analyzer", "ReadonlyLocalVariables\ReadonlyLocalVariables.Analyzer.csproj", "{75BAABCB-98D2-4067-8F23-7525E77C5F51}"
EndProject
Project("{9A19103F-16F7-4668-BE54-9A1E7A4F7556}") = "ReadonlyLocalVariables.Package", "ReadonlyLocalVariables.Package\ReadonlyLocalVariables.Package.csproj", "{A92B1BDF-C2B1-4086-908F-FA386CEB80E4}"
EndProject
Project("{9A19103F-16F7-4668-BE54-9A1E7A4F7556}") = "ReadonlyLocalVariables.CodeFixes", "ReadonlyLocalVariables.CodeFixes\ReadonlyLocalVariables.CodeFixes.csproj", "{CE7D2B0B-EA28-4414-933C-A9CFB24D0586}"
EndProject
Project("{9A19103F-16F7-4668-BE54-9A1E7A4F7556}") = "ReadonlyLocalVariables.Test", "ReadonlyLocalVariables.Test\ReadonlyLocalVariables.Test.csproj", "{30325BF9-AEDD-4E39-8E24-24A835D8AEB7}"
EndProject
Project("{9A19103F-16F7-4668-BE54-9A1E7A4F7556}") = "ReadonlyLocalVariables.Utils", "ReadonlyLocalVariables.Utils\ReadonlyLocalVariables.Utils.csproj", "{AB4B1CF9-C998-4D43-B0B7-63B4E47F5956}"
EndProject
Project("{2150E333-8FDC-42A3-9474-1A3956D46DE8}") = "ソリューション項目", "ソリューション項目", "{7D2712BC-6954-4187-B206-099265BA1C31}"
	ProjectSection(SolutionItems) = preProject
		.gitignore = .gitignore
		LICENSE = LICENSE
		README-ja.md = README-ja.md
		README.md = README.md
	EndProjectSection
EndProject
Global
	GlobalSection(SolutionConfigurationPlatforms) = preSolution
		Debug|Any CPU = Debug|Any CPU
		Release|Any CPU = Release|Any CPU
	EndGlobalSection
	GlobalSection(ProjectConfigurationPlatforms) = postSolution
		{75BAABCB-98D2-4067-8F23-7525E77C5F51}.Debug|Any CPU.ActiveCfg = Debug|Any CPU
		{75BAABCB-98D2-4067-8F23-7525E77C5F51}.Debug|Any CPU.Build.0 = Debug|Any CPU
		{75BAABCB-98D2-4067-8F23-7525E77C5F51}.Release|Any CPU.ActiveCfg = Release|Any CPU
		{75BAABCB-98D2-4067-8F23-7525E77C5F51}.Release|Any CPU.Build.0 = Release|Any CPU
		{A92B1BDF-C2B1-4086-908F-FA386CEB80E4}.Debug|Any CPU.ActiveCfg = Debug|Any CPU
		{A92B1BDF-C2B1-4086-908F-FA386CEB80E4}.Debug|Any CPU.Build.0 = Debug|Any CPU
		{A92B1BDF-C2B1-4086-908F-FA386CEB80E4}.Release|Any CPU.ActiveCfg = Release|Any CPU
		{A92B1BDF-C2B1-4086-908F-FA386CEB80E4}.Release|Any CPU.Build.0 = Release|Any CPU
		{CE7D2B0B-EA28-4414-933C-A9CFB24D0586}.Debug|Any CPU.ActiveCfg = Debug|Any CPU
		{CE7D2B0B-EA28-4414-933C-A9CFB24D0586}.Debug|Any CPU.Build.0 = Debug|Any CPU
		{CE7D2B0B-EA28-4414-933C-A9CFB24D0586}.Release|Any CPU.ActiveCfg = Release|Any CPU
		{CE7D2B0B-EA28-4414-933C-A9CFB24D0586}.Release|Any CPU.Build.0 = Release|Any CPU
		{30325BF9-AEDD-4E39-8E24-24A835D8AEB7}.Debug|Any CPU.ActiveCfg = Debug|Any CPU
		{30325BF9-AEDD-4E39-8E24-24A835D8AEB7}.Debug|Any CPU.Build.0 = Debug|Any CPU
		{30325BF9-AEDD-4E39-8E24-24A835D8AEB7}.Release|Any CPU.ActiveCfg = Release|Any CPU
		{30325BF9-AEDD-4E39-8E24-24A835D8AEB7}.Release|Any CPU.Build.0 = Release|Any CPU
		{AB4B1CF9-C998-4D43-B0B7-63B4E47F5956}.Debug|Any CPU.ActiveCfg = Debug|Any CPU
		{AB4B1CF9-C998-4D43-B0B7-63B4E47F5956}.Debug|Any CPU.Build.0 = Debug|Any CPU
		{AB4B1CF9-C998-4D43-B0B7-63B4E47F5956}.Release|Any CPU.ActiveCfg = Release|Any CPU
		{AB4B1CF9-C998-4D43-B0B7-63B4E47F5956}.Release|Any CPU.Build.0 = Release|Any CPU
	EndGlobalSection
	GlobalSection(SolutionProperties) = preSolution
		HideSolutionNode = FALSE
	EndGlobalSection
	GlobalSection(ExtensibilityGlobals) = postSolution
		SolutionGuid = {632120D1-0733-495F-923E-8C9735272FBA}
	EndGlobalSection
EndGlobal
